
Microsoft Visual Studio Solution File, Format Version 12.00
# Visual Studio Version 17
VisualStudioVersion = 17.11.35327.3
MinimumVisualStudioVersion = 10.0.40219.1
Project("{FAE04EC0-301F-11D3-BF4B-00C04F79EFBC}") = "QuadTree", "QuadTree\QuadTree.csproj", "{8F4C10EF-6501-442F-9DA1-94DD4099A521}"
EndProject
Project("{FAE04EC0-301F-11D3-BF4B-00C04F79EFBC}") = "QuadTree.Tests", "QuadTree.Tests\QuadTree.Tests.csproj", "{8B6DF5CB-F4E1-4AC0-9AFA-F6CB98236A07}"
EndProject
Project("{FAE04EC0-301F-11D3-BF4B-00C04F79EFBC}") = "Benchmark", "Benchmark\Benchmark.csproj", "{8F863DED-525B-4078-B3CF-E9B6AB4698B9}"
EndProject
Project("{2150E333-8FDC-42A3-9474-1A3956D46DE8}") = "Solution Items", "Solution Items", "{CC2C6EEB-34FC-4B3C-81FD-5A6FE970BAD9}"
	ProjectSection(SolutionItems) = preProject
		README.md = README.md
	EndProjectSection
EndProject
Global
	GlobalSection(SolutionConfigurationPlatforms) = preSolution
		Debug|Any CPU = Debug|Any CPU
		Release|Any CPU = Release|Any CPU
	EndGlobalSection
	GlobalSection(ProjectConfigurationPlatforms) = postSolution
		{8F4C10EF-6501-442F-9DA1-94DD4099A521}.Debug|Any CPU.ActiveCfg = Debug|Any CPU
		{8F4C10EF-6501-442F-9DA1-94DD4099A521}.Debug|Any CPU.Build.0 = Debug|Any CPU
		{8F4C10EF-6501-442F-9DA1-94DD4099A521}.Release|Any CPU.ActiveCfg = Release|Any CPU
		{8F4C10EF-6501-442F-9DA1-94DD4099A521}.Release|Any CPU.Build.0 = Release|Any CPU
		{8B6DF5CB-F4E1-4AC0-9AFA-F6CB98236A07}.Debug|Any CPU.ActiveCfg = Debug|Any CPU
		{8B6DF5CB-F4E1-4AC0-9AFA-F6CB98236A07}.Debug|Any CPU.Build.0 = Debug|Any CPU
		{8B6DF5CB-F4E1-4AC0-9AFA-F6CB98236A07}.Release|Any CPU.ActiveCfg = Release|Any CPU
		{8B6DF5CB-F4E1-4AC0-9AFA-F6CB98236A07}.Release|Any CPU.Build.0 = Release|Any CPU
		{8F863DED-525B-4078-B3CF-E9B6AB4698B9}.Debug|Any CPU.ActiveCfg = Debug|Any CPU
		{8F863DED-525B-4078-B3CF-E9B6AB4698B9}.Debug|Any CPU.Build.0 = Debug|Any CPU
		{8F863DED-525B-4078-B3CF-E9B6AB4698B9}.Release|Any CPU.ActiveCfg = Release|Any CPU
		{8F863DED-525B-4078-B3CF-E9B6AB4698B9}.Release|Any CPU.Build.0 = Release|Any CPU
	EndGlobalSection
	GlobalSection(SolutionProperties) = preSolution
		HideSolutionNode = FALSE
	EndGlobalSection
	GlobalSection(ExtensibilityGlobals) = postSolution
		SolutionGuid = {FBFE4E72-357C-45AE-8859-D8209431F9D5}
	EndGlobalSection
EndGlobal
